{
  "nodes": {
    "easy-purescript-nix": {
      "flake": false,
      "locked": {
        "lastModified": 1679861376,
        "narHash": "sha256-LLqaLPJNiap2U8I77K5XVPGJA/Be30Z8lyGOyYXmBlc=",
        "owner": "justinwoo",
        "repo": "easy-purescript-nix",
        "rev": "0c10ff170461aed0c336f5c21ed0f430c2c3574b",
        "type": "github"
      },
      "original": {
        "owner": "justinwoo",
        "repo": "easy-purescript-nix",
        "type": "github"
      }
    },
    "flake-compat": {
      "flake": false,
      "locked": {
        "lastModified": 1673956053,
        "narHash": "sha256-4gtG9iQuiKITOjNQQeQIpoIB6b16fm+504Ch3sNKLd8=",
        "owner": "edolstra",
        "repo": "flake-compat",
        "rev": "35bb57c0c8d8b62bbfd284272c928ceb64ddbde9",
        "type": "github"
      },
      "original": {
        "owner": "edolstra",
        "repo": "flake-compat",
        "type": "github"
      }
    },
    "nixpkgs": {
      "locked": {
        "lastModified": 1673627244,
        "narHash": "sha256-JCGssuh2GJt5eSsdy6omm0o7a02NJArEZQ2FrffTkRY=",
        "owner": "nixos",
        "repo": "nixpkgs",
        "rev": "920bb038e9f0ef9fa5b44814340437a156ba9587",
        "type": "github"
      },
      "original": {
        "owner": "nixos",
        "repo": "nixpkgs",
        "rev": "920bb038e9f0ef9fa5b44814340437a156ba9587",
        "type": "github"
      }
    },
    "root": {
      "inputs": {
        "easy-purescript-nix": "easy-purescript-nix",
        "flake-compat": "flake-compat",
        "nixpkgs": "nixpkgs"
      }
    }
  },
  "root": "root",
  "version": 7
}
